
Microsoft Visual Studio Solution File, Format Version 12.00
# Visual Studio Version 16
VisualStudioVersion = 16.0.29326.143
MinimumVisualStudioVersion = 10.0.40219.1
Project("{FAE04EC0-301F-11D3-BF4B-00C04F79EFBC}") = "GvcSporsBetting.Web", "GvcSporsBetting.Web\GvcSporsBetting.Web.csproj", "{D7A37B0B-98C8-4C49-B1DB-4F689E1EC29D}"
EndProject
Project("{FAE04EC0-301F-11D3-BF4B-00C04F79EFBC}") = "GvcSporsBetting.DataAccess", "GvcSporsBetting.DataAccess\GvcSporsBetting.DataAccess.csproj", "{5B06FCC9-88E4-4607-B9A7-9C46CE88A8EF}"
EndProject
Project("{FAE04EC0-301F-11D3-BF4B-00C04F79EFBC}") = "GvcSporsBetting.BusinessLogic", "GvcSporsBetting.BusinessLogic\GvcSporsBetting.BusinessLogic.csproj", "{90EB3AC8-53BB-44DE-A6F7-5C329AE93899}"
EndProject
Global
	GlobalSection(SolutionConfigurationPlatforms) = preSolution
		Debug|Any CPU = Debug|Any CPU
		Release|Any CPU = Release|Any CPU
	EndGlobalSection
	GlobalSection(ProjectConfigurationPlatforms) = postSolution
		{D7A37B0B-98C8-4C49-B1DB-4F689E1EC29D}.Debug|Any CPU.ActiveCfg = Debug|Any CPU
		{D7A37B0B-98C8-4C49-B1DB-4F689E1EC29D}.Debug|Any CPU.Build.0 = Debug|Any CPU
		{D7A37B0B-98C8-4C49-B1DB-4F689E1EC29D}.Release|Any CPU.ActiveCfg = Release|Any CPU
		{D7A37B0B-98C8-4C49-B1DB-4F689E1EC29D}.Release|Any CPU.Build.0 = Release|Any CPU
		{5B06FCC9-88E4-4607-B9A7-9C46CE88A8EF}.Debug|Any CPU.ActiveCfg = Debug|Any CPU
		{5B06FCC9-88E4-4607-B9A7-9C46CE88A8EF}.Debug|Any CPU.Build.0 = Debug|Any CPU
		{5B06FCC9-88E4-4607-B9A7-9C46CE88A8EF}.Release|Any CPU.ActiveCfg = Release|Any CPU
		{5B06FCC9-88E4-4607-B9A7-9C46CE88A8EF}.Release|Any CPU.Build.0 = Release|Any CPU
		{90EB3AC8-53BB-44DE-A6F7-5C329AE93899}.Debug|Any CPU.ActiveCfg = Debug|Any CPU
		{90EB3AC8-53BB-44DE-A6F7-5C329AE93899}.Debug|Any CPU.Build.0 = Debug|Any CPU
		{90EB3AC8-53BB-44DE-A6F7-5C329AE93899}.Release|Any CPU.ActiveCfg = Release|Any CPU
		{90EB3AC8-53BB-44DE-A6F7-5C329AE93899}.Release|Any CPU.Build.0 = Release|Any CPU
	EndGlobalSection
	GlobalSection(SolutionProperties) = preSolution
		HideSolutionNode = FALSE
	EndGlobalSection
	GlobalSection(ExtensibilityGlobals) = postSolution
		SolutionGuid = {74C1CE5B-99FD-4A1D-B577-37674A1747E8}
	EndGlobalSection
EndGlobal
